
Microsoft Visual Studio Solution File, Format Version 12.00
# Visual Studio Version 17
VisualStudioVersion = 17.0.31903.59
MinimumVisualStudioVersion = 10.0.40219.1
Project("{2150E333-8FDC-42A3-9474-1A3956D46DE8}") = "src", "src", "{827E0CD3-B72D-47B6-A68D-7590B98EB39B}"
EndProject
Project("{FAE04EC0-301F-11D3-BF4B-00C04F79EFBC}") = "TaskFlow.Api", "src\TaskFlow.Api\TaskFlow.Api.csproj", "{2FEBDE80-E77C-43D4-AF9F-733782361CFA}"
EndProject
Project("{FAE04EC0-301F-11D3-BF4B-00C04F79EFBC}") = "TaskFlow.Domain", "src\TaskFlow.Domain\TaskFlow.Domain.csproj", "{CD5DD88A-281D-4EB4-ACF2-7010494780DA}"
EndProject
Project("{FAE04EC0-301F-11D3-BF4B-00C04F79EFBC}") = "TaskFlow.Application", "src\TaskFlow.Application\TaskFlow.Application.csproj", "{2A9F9E18-8FB8-482A-B8FA-35E1A641B532}"
EndProject
Project("{FAE04EC0-301F-11D3-BF4B-00C04F79EFBC}") = "TaskFlow.Infrastructure", "src\TaskFlow.Infrastructure\TaskFlow.Infrastructure.csproj", "{FDECC4D5-C3F4-4251-91FE-221F90445C34}"
EndProject
Project("{2150E333-8FDC-42A3-9474-1A3956D46DE8}") = "tests", "tests", "{0AB3BF05-4346-4AA6-1389-037BE0695223}"
EndProject
Project("{FAE04EC0-301F-11D3-BF4B-00C04F79EFBC}") = "TaskFlow.Application.Tests", "tests\TaskFlow.Application.Tests\TaskFlow.Application.Tests.csproj", "{BD550ECE-0BD7-4970-9435-FB0A75A7C612}"
EndProject
Project("{FAE04EC0-301F-11D3-BF4B-00C04F79EFBC}") = "TaskFlow.IntegrationTests", "tests\TaskFlow.IntegrationTests\TaskFlow.IntegrationTests.csproj", "{C59E4849-1989-421A-91CF-FA9CCA824F02}"
EndProject
Global
	GlobalSection(SolutionConfigurationPlatforms) = preSolution
		Debug|Any CPU = Debug|Any CPU
		Debug|x64 = Debug|x64
		Debug|x86 = Debug|x86
		Release|Any CPU = Release|Any CPU
		Release|x64 = Release|x64
		Release|x86 = Release|x86
	EndGlobalSection
	GlobalSection(ProjectConfigurationPlatforms) = postSolution
		{2FEBDE80-E77C-43D4-AF9F-733782361CFA}.Debug|Any CPU.ActiveCfg = Debug|Any CPU
		{2FEBDE80-E77C-43D4-AF9F-733782361CFA}.Debug|Any CPU.Build.0 = Debug|Any CPU
		{2FEBDE80-E77C-43D4-AF9F-733782361CFA}.Debug|x64.ActiveCfg = Debug|Any CPU
		{2FEBDE80-E77C-43D4-AF9F-733782361CFA}.Debug|x64.Build.0 = Debug|Any CPU
		{2FEBDE80-E77C-43D4-AF9F-733782361CFA}.Debug|x86.ActiveCfg = Debug|Any CPU
		{2FEBDE80-E77C-43D4-AF9F-733782361CFA}.Debug|x86.Build.0 = Debug|Any CPU
		{2FEBDE80-E77C-43D4-AF9F-733782361CFA}.Release|Any CPU.ActiveCfg = Release|Any CPU
		{2FEBDE80-E77C-43D4-AF9F-733782361CFA}.Release|Any CPU.Build.0 = Release|Any CPU
		{2FEBDE80-E77C-43D4-AF9F-733782361CFA}.Release|x64.ActiveCfg = Release|Any CPU
		{2FEBDE80-E77C-43D4-AF9F-733782361CFA}.Release|x64.Build.0 = Release|Any CPU
		{2FEBDE80-E77C-43D4-AF9F-733782361CFA}.Release|x86.ActiveCfg = Release|Any CPU
		{2FEBDE80-E77C-43D4-AF9F-733782361CFA}.Release|x86.Build.0 = Release|Any CPU
		{CD5DD88A-281D-4EB4-ACF2-7010494780DA}.Debug|Any CPU.ActiveCfg = Debug|Any CPU
		{CD5DD88A-281D-4EB4-ACF2-7010494780DA}.Debug|Any CPU.Build.0 = Debug|Any CPU
		{CD5DD88A-281D-4EB4-ACF2-7010494780DA}.Debug|x64.ActiveCfg = Debug|Any CPU
		{CD5DD88A-281D-4EB4-ACF2-7010494780DA}.Debug|x64.Build.0 = Debug|Any CPU
		{CD5DD88A-281D-4EB4-ACF2-7010494780DA}.Debug|x86.ActiveCfg = Debug|Any CPU
		{CD5DD88A-281D-4EB4-ACF2-7010494780DA}.Debug|x86.Build.0 = Debug|Any CPU
		{CD5DD88A-281D-4EB4-ACF2-7010494780DA}.Release|Any CPU.ActiveCfg = Release|Any CPU
		{CD5DD88A-281D-4EB4-ACF2-7010494780DA}.Release|Any CPU.Build.0 = Release|Any CPU
		{CD5DD88A-281D-4EB4-ACF2-7010494780DA}.Release|x64.ActiveCfg = Release|Any CPU
		{CD5DD88A-281D-4EB4-ACF2-7010494780DA}.Release|x64.Build.0 = Release|Any CPU
		{CD5DD88A-281D-4EB4-ACF2-7010494780DA}.Release|x86.ActiveCfg = Release|Any CPU
		{CD5DD88A-281D-4EB4-ACF2-7010494780DA}.Release|x86.Build.0 = Release|Any CPU
		{2A9F9E18-8FB8-482A-B8FA-35E1A641B532}.Debug|Any CPU.ActiveCfg = Debug|Any CPU
		{2A9F9E18-8FB8-482A-B8FA-35E1A641B532}.Debug|Any CPU.Build.0 = Debug|Any CPU
		{2A9F9E18-8FB8-482A-B8FA-35E1A641B532}.Debug|x64.ActiveCfg = Debug|Any CPU
		{2A9F9E18-8FB8-482A-B8FA-35E1A641B532}.Debug|x64.Build.0 = Debug|Any CPU
		{2A9F9E18-8FB8-482A-B8FA-35E1A641B532}.Debug|x86.ActiveCfg = Debug|Any CPU
		{2A9F9E18-8FB8-482A-B8FA-35E1A641B532}.Debug|x86.Build.0 = Debug|Any CPU
		{2A9F9E18-8FB8-482A-B8FA-35E1A641B532}.Release|Any CPU.ActiveCfg = Release|Any CPU
		{2A9F9E18-8FB8-482A-B8FA-35E1A641B532}.Release|Any CPU.Build.0 = Release|Any CPU
		{2A9F9E18-8FB8-482A-B8FA-35E1A641B532}.Release|x64.ActiveCfg = Release|Any CPU
		{2A9F9E18-8FB8-482A-B8FA-35E1A641B532}.Release|x64.Build.0 = Release|Any CPU
		{2A9F9E18-8FB8-482A-B8FA-35E1A641B532}.Release|x86.ActiveCfg = Release|Any CPU
		{2A9F9E18-8FB8-482A-B8FA-35E1A641B532}.Release|x86.Build.0 = Release|Any CPU
		{FDECC4D5-C3F4-4251-91FE-221F90445C34}.Debug|Any CPU.ActiveCfg = Debug|Any CPU
		{FDECC4D5-C3F4-4251-91FE-221F90445C34}.Debug|Any CPU.Build.0 = Debug|Any CPU
		{FDECC4D5-C3F4-4251-91FE-221F90445C34}.Debug|x64.ActiveCfg = Debug|Any CPU
		{FDECC4D5-C3F4-4251-91FE-221F90445C34}.Debug|x64.Build.0 = Debug|Any CPU
		{FDECC4D5-C3F4-4251-91FE-221F90445C34}.Debug|x86.ActiveCfg = Debug|Any CPU
		{FDECC4D5-C3F4-4251-91FE-221F90445C34}.Debug|x86.Build.0 = Debug|Any CPU
		{FDECC4D5-C3F4-4251-91FE-221F90445C34}.Release|Any CPU.ActiveCfg = Release|Any CPU
		{FDECC4D5-C3F4-4251-91FE-221F90445C34}.Release|Any CPU.Build.0 = Release|Any CPU
		{FDECC4D5-C3F4-4251-91FE-221F90445C34}.Release|x64.ActiveCfg = Release|Any CPU
		{FDECC4D5-C3F4-4251-91FE-221F90445C34}.Release|x64.Build.0 = Release|Any CPU
		{FDECC4D5-C3F4-4251-91FE-221F90445C34}.Release|x86.ActiveCfg = Release|Any CPU
		{FDECC4D5-C3F4-4251-91FE-221F90445C34}.Release|x86.Build.0 = Release|Any CPU
		{BD550ECE-0BD7-4970-9435-FB0A75A7C612}.Debug|Any CPU.ActiveCfg = Debug|Any CPU
		{BD550ECE-0BD7-4970-9435-FB0A75A7C612}.Debug|Any CPU.Build.0 = Debug|Any CPU
		{BD550ECE-0BD7-4970-9435-FB0A75A7C612}.Debug|x64.ActiveCfg = Debug|Any CPU
		{BD550ECE-0BD7-4970-9435-FB0A75A7C612}.Debug|x64.Build.0 = Debug|Any CPU
		{BD550ECE-0BD7-4970-9435-FB0A75A7C612}.Debug|x86.ActiveCfg = Debug|Any CPU
		{BD550ECE-0BD7-4970-9435-FB0A75A7C612}.Debug|x86.Build.0 = Debug|Any CPU
		{BD550ECE-0BD7-4970-9435-FB0A75A7C612}.Release|Any CPU.ActiveCfg = Release|Any CPU
		{BD550ECE-0BD7-4970-9435-FB0A75A7C612}.Release|Any CPU.Build.0 = Release|Any CPU
		{BD550ECE-0BD7-4970-9435-FB0A75A7C612}.Release|x64.ActiveCfg = Release|Any CPU
		{BD550ECE-0BD7-4970-9435-FB0A75A7C612}.Release|x64.Build.0 = Release|Any CPU
		{BD550ECE-0BD7-4970-9435-FB0A75A7C612}.Release|x86.ActiveCfg = Release|Any CPU
		{BD550ECE-0BD7-4970-9435-FB0A75A7C612}.Release|x86.Build.0 = Release|Any CPU
		{C59E4849-1989-421A-91CF-FA9CCA824F02}.Debug|Any CPU.ActiveCfg = Debug|Any CPU
		{C59E4849-1989-421A-91CF-FA9CCA824F02}.Debug|Any CPU.Build.0 = Debug|Any CPU
		{C59E4849-1989-421A-91CF-FA9CCA824F02}.Debug|x64.ActiveCfg = Debug|Any CPU
		{C59E4849-1989-421A-91CF-FA9CCA824F02}.Debug|x64.Build.0 = Debug|Any CPU
		{C59E4849-1989-421A-91CF-FA9CCA824F02}.Debug|x86.ActiveCfg = Debug|Any CPU
		{C59E4849-1989-421A-91CF-FA9CCA824F02}.Debug|x86.Build.0 = Debug|Any CPU
		{C59E4849-1989-421A-91CF-FA9CCA824F02}.Release|Any CPU.ActiveCfg = Release|Any CPU
		{C59E4849-1989-421A-91CF-FA9CCA824F02}.Release|Any CPU.Build.0 = Release|Any CPU
		{C59E4849-1989-421A-91CF-FA9CCA824F02}.Release|x64.ActiveCfg = Release|Any CPU
		{C59E4849-1989-421A-91CF-FA9CCA824F02}.Release|x64.Build.0 = Release|Any CPU
		{C59E4849-1989-421A-91CF-FA9CCA824F02}.Release|x86.ActiveCfg = Release|Any CPU
		{C59E4849-1989-421A-91CF-FA9CCA824F02}.Release|x86.Build.0 = Release|Any CPU
	EndGlobalSection
	GlobalSection(SolutionProperties) = preSolution
		HideSolutionNode = FALSE
	EndGlobalSection
	GlobalSection(NestedProjects) = preSolution
		{2FEBDE80-E77C-43D4-AF9F-733782361CFA} = {827E0CD3-B72D-47B6-A68D-7590B98EB39B}
		{CD5DD88A-281D-4EB4-ACF2-7010494780DA} = {827E0CD3-B72D-47B6-A68D-7590B98EB39B}
		{2A9F9E18-8FB8-482A-B8FA-35E1A641B532} = {827E0CD3-B72D-47B6-A68D-7590B98EB39B}
		{FDECC4D5-C3F4-4251-91FE-221F90445C34} = {827E0CD3-B72D-47B6-A68D-7590B98EB39B}
		{BD550ECE-0BD7-4970-9435-FB0A75A7C612} = {0AB3BF05-4346-4AA6-1389-037BE0695223}
		{C59E4849-1989-421A-91CF-FA9CCA824F02} = {0AB3BF05-4346-4AA6-1389-037BE0695223}
	EndGlobalSection
EndGlobal
